{
  "requires": true,
  "lockfileVersion": 1,
  "dependencies": {
    "yo-mamma": {
      "version": "1.3.0",
      "resolved": "https://registry.npmjs.org/yo-mamma/-/yo-mamma-1.3.0.tgz",
      "integrity": "sha512-MSqfT/YvzccapmCETpRO51Z8hSPWPi9MtFhYvIn4eeea/WhV2l8IJYp2wfJDwAMA8h62Eg3Hkc30WnhW5OKLEA=="
    }
  }
}
